
Microsoft Visual Studio Solution File, Format Version 12.00
# Visual Studio Version 17
VisualStudioVersion = 17.0.32112.339
MinimumVisualStudioVersion = 10.0.40219.1
Project("{FAE04EC0-301F-11D3-BF4B-00C04F79EFBC}") = "CyberAgentAPI", "CyberAgentAPI\CyberAgentAPI.csproj", "{CC8012BA-6F7B-44B0-A281-89030551652D}"
EndProject
Global
	GlobalSection(SolutionConfigurationPlatforms) = preSolution
		Debug|Any CPU = Debug|Any CPU
		Release|Any CPU = Release|Any CPU
	EndGlobalSection
	GlobalSection(ProjectConfigurationPlatforms) = postSolution
		{CC8012BA-6F7B-44B0-A281-89030551652D}.Debug|Any CPU.ActiveCfg = Debug|Any CPU
		{CC8012BA-6F7B-44B0-A281-89030551652D}.Debug|Any CPU.Build.0 = Debug|Any CPU
		{CC8012BA-6F7B-44B0-A281-89030551652D}.Release|Any CPU.ActiveCfg = Release|Any CPU
		{CC8012BA-6F7B-44B0-A281-89030551652D}.Release|Any CPU.Build.0 = Release|Any CPU
	EndGlobalSection
	GlobalSection(SolutionProperties) = preSolution
		HideSolutionNode = FALSE
	EndGlobalSection
	GlobalSection(ExtensibilityGlobals) = postSolution
		SolutionGuid = {4DEA4DBA-5D1A-4748-A1B8-4D449D9F65E1}
	EndGlobalSection
EndGlobal
